{
  "name": "electron-host-hook",
  "version": "1.0.0",
  "lockfileVersion": 2,
  "requires": true,
  "packages": {
    "": {
      "name": "electron-host-hook",
      "version": "1.0.0",
      "license": "MIT",
      "devDependencies": {
        "@types/socket.io": "^2.1.12",
        "typescript": "^4.3.5"
      }
    },
    "node_modules/@socket.io/component-emitter": {
      "version": "3.1.0",
      "resolved": "https://registry.npmjs.org/@socket.io/component-emitter/-/component-emitter-3.1.0.tgz",
      "integrity": "sha512-+9jVqKhRSpsc591z5vX+X5Yyw+he/HCB4iQ/RYxw35CEPaY1gnsNE43nf9n9AaYjAQrTiI/mOwKUKdUs9vf7Xg==",
      "dev": true
    },
    "node_modules/@types/engine.io": {
      "version": "3.1.7",
      "resolved": "https://registry.npmjs.org/@types/engine.io/-/engine.io-3.1.7.tgz",
      "integrity": "sha512-qNjVXcrp+1sS8YpRUa714r0pgzOwESdW5UjHL7D/2ZFdBX0BXUXtg1LUrp+ylvqbvMcMWUy73YpRoxPN2VoKAQ==",
      "dev": true,
      "dependencies": {
        "@types/node": "*"
      }
    },
    "node_modules/@types/node": {
      "version": "18.0.0",
      "resolved": "https://registry.npmjs.org/@types/node/-/node-18.0.0.tgz",
      "integrity": "sha512-cHlGmko4gWLVI27cGJntjs/Sj8th9aYwplmZFwmmgYQQvL5NUsgVJG7OddLvNfLqYS31KFN0s3qlaD9qCaxACA==",
      "dev": true
    },
    "node_modules/@types/socket.io": {
      "version": "2.1.13",
      "resolved": "https://registry.npmjs.org/@types/socket.io/-/socket.io-2.1.13.tgz",
      "integrity": "sha512-JRgH3nCgsWel4OPANkhH8TelpXvacAJ9VeryjuqCDiaVDMpLysd6sbt0dr6Z15pqH3p2YpOT3T1C5vQ+O/7uyg==",
      "dev": true,
      "dependencies": {
        "@types/engine.io": "*",
        "@types/node": "*",
        "@types/socket.io-parser": "*"
      }
    },
    "node_modules/@types/socket.io-parser": {
      "version": "3.0.0",
      "resolved": "https://registry.npmjs.org/@types/socket.io-parser/-/socket.io-parser-3.0.0.tgz",
      "integrity": "sha512-Ry/rbTE6HQNL9eu3LpL1Ocup5VexXu1bSSGlSho/IR5LuRc8YvxwSNJ3JxqTltVJEATLbZkMQETSbxfKNgp4Ew==",
      "deprecated": "This is a stub types definition. socket.io-parser provides its own type definitions, so you do not need this installed.",
      "dev": true,
      "dependencies": {
        "socket.io-parser": "*"
      }
    },
    "node_modules/debug": {
      "version": "4.3.4",
      "resolved": "https://registry.npmjs.org/debug/-/debug-4.3.4.tgz",
      "integrity": "sha512-PRWFHuSU3eDtQJPvnNY7Jcket1j0t5OuOsFzPPzsekD52Zl8qUfFIPEiswXqIvHWGVHOgX+7G/vCNNhehwxfkQ==",
      "dev": true,
      "dependencies": {
        "ms": "2.1.2"
      },
      "engines": {
        "node": ">=6.0"
      },
      "peerDependenciesMeta": {
        "supports-color": {
          "optional": true
        }
      }
    },
    "node_modules/ms": {
      "version": "2.1.2",
      "resolved": "https://registry.npmjs.org/ms/-/ms-2.1.2.tgz",
      "integrity": "sha512-sGkPx+VjMtmA6MX27oA4FBFELFCZZ4S4XqeGOXCv68tT+jb3vk/RyaKWP0PTKyWtmLSM0b+adUTEvbs1PEaH2w==",
      "dev": true
    },
    "node_modules/socket.io-parser": {
      "version": "4.2.0",
      "resolved": "https://registry.npmjs.org/socket.io-parser/-/socket.io-parser-4.2.0.tgz",
      "integrity": "sha512-tLfmEwcEwnlQTxFB7jibL/q2+q8dlVQzj4JdRLJ/W/G1+Fu9VSxCx1Lo+n1HvXxKnM//dUuD0xgiA7tQf57Vng==",
      "dev": true,
      "dependencies": {
        "@socket.io/component-emitter": "~3.1.0",
        "debug": "~4.3.1"
      },
      "engines": {
        "node": ">=10.0.0"
      }
    },
    "node_modules/typescript": {
      "version": "4.7.4",
      "resolved": "https://registry.npmjs.org/typescript/-/typescript-4.7.4.tgz",
      "integrity": "sha512-C0WQT0gezHuw6AdY1M2jxUO83Rjf0HP7Sk1DtXj6j1EwkQNZrHAg2XPWlq62oqEhYvONq5pkC2Y9oPljWToLmQ==",
      "dev": true,
      "bin": {
        "tsc": "bin/tsc",
        "tsserver": "bin/tsserver"
      },
      "engines": {
        "node": ">=4.2.0"
      }
    }
  },
  "dependencies": {
    "@socket.io/component-emitter": {
      "version": "3.1.0",
      "resolved": "https://registry.npmjs.org/@socket.io/component-emitter/-/component-emitter-3.1.0.tgz",
      "integrity": "sha512-+9jVqKhRSpsc591z5vX+X5Yyw+he/HCB4iQ/RYxw35CEPaY1gnsNE43nf9n9AaYjAQrTiI/mOwKUKdUs9vf7Xg==",
      "dev": true
    },
    "@types/engine.io": {
      "version": "3.1.7",
      "resolved": "https://registry.npmjs.org/@types/engine.io/-/engine.io-3.1.7.tgz",
      "integrity": "sha512-qNjVXcrp+1sS8YpRUa714r0pgzOwESdW5UjHL7D/2ZFdBX0BXUXtg1LUrp+ylvqbvMcMWUy73YpRoxPN2VoKAQ==",
      "dev": true,
      "requires": {
        "@types/node": "*"
      }
    },
    "@types/node": {
      "version": "18.0.0",
      "resolved": "https://registry.npmjs.org/@types/node/-/node-18.0.0.tgz",
      "integrity": "sha512-cHlGmko4gWLVI27cGJntjs/Sj8th9aYwplmZFwmmgYQQvL5NUsgVJG7OddLvNfLqYS31KFN0s3qlaD9qCaxACA==",
      "dev": true
    },
    "@types/socket.io": {
      "version": "2.1.13",
      "resolved": "https://registry.npmjs.org/@types/socket.io/-/socket.io-2.1.13.tgz",
      "integrity": "sha512-JRgH3nCgsWel4OPANkhH8TelpXvacAJ9VeryjuqCDiaVDMpLysd6sbt0dr6Z15pqH3p2YpOT3T1C5vQ+O/7uyg==",
      "dev": true,
      "requires": {
        "@types/engine.io": "*",
        "@types/node": "*",
        "@types/socket.io-parser": "*"
      }
    },
    "@types/socket.io-parser": {
      "version": "3.0.0",
      "resolved": "https://registry.npmjs.org/@types/socket.io-parser/-/socket.io-parser-3.0.0.tgz",
      "integrity": "sha512-Ry/rbTE6HQNL9eu3LpL1Ocup5VexXu1bSSGlSho/IR5LuRc8YvxwSNJ3JxqTltVJEATLbZkMQETSbxfKNgp4Ew==",
      "dev": true,
      "requires": {
        "socket.io-parser": "*"
      }
    },
    "debug": {
      "version": "4.3.4",
      "resolved": "https://registry.npmjs.org/debug/-/debug-4.3.4.tgz",
      "integrity": "sha512-PRWFHuSU3eDtQJPvnNY7Jcket1j0t5OuOsFzPPzsekD52Zl8qUfFIPEiswXqIvHWGVHOgX+7G/vCNNhehwxfkQ==",
      "dev": true,
      "requires": {
        "ms": "2.1.2"
      }
    },
    "ms": {
      "version": "2.1.2",
      "resolved": "https://registry.npmjs.org/ms/-/ms-2.1.2.tgz",
      "integrity": "sha512-sGkPx+VjMtmA6MX27oA4FBFELFCZZ4S4XqeGOXCv68tT+jb3vk/RyaKWP0PTKyWtmLSM0b+adUTEvbs1PEaH2w==",
      "dev": true
    },
    "socket.io-parser": {
      "version": "4.2.0",
      "resolved": "https://registry.npmjs.org/socket.io-parser/-/socket.io-parser-4.2.0.tgz",
      "integrity": "sha512-tLfmEwcEwnlQTxFB7jibL/q2+q8dlVQzj4JdRLJ/W/G1+Fu9VSxCx1Lo+n1HvXxKnM//dUuD0xgiA7tQf57Vng==",
      "dev": true,
      "requires": {
        "@socket.io/component-emitter": "~3.1.0",
        "debug": "~4.3.1"
      }
    },
    "typescript": {
      "version": "4.7.4",
      "resolved": "https://registry.npmjs.org/typescript/-/typescript-4.7.4.tgz",
      "integrity": "sha512-C0WQT0gezHuw6AdY1M2jxUO83Rjf0HP7Sk1DtXj6j1EwkQNZrHAg2XPWlq62oqEhYvONq5pkC2Y9oPljWToLmQ==",
      "dev": true
    }
  }
}
